
Microsoft Visual Studio Solution File, Format Version 12.00
# Visual Studio Version 17
VisualStudioVersion = 17.8.34408.163
MinimumVisualStudioVersion = 10.0.40219.1
Project("{FAE04EC0-301F-11D3-BF4B-00C04F79EFBC}") = "Question1", "Question1\Question1.csproj", "{F4F9666E-608D-44A8-827B-1D5F944BCD9D}"
EndProject
Global
	GlobalSection(SolutionConfigurationPlatforms) = preSolution
		Debug|Any CPU = Debug|Any CPU
		Release|Any CPU = Release|Any CPU
	EndGlobalSection
	GlobalSection(ProjectConfigurationPlatforms) = postSolution
		{F4F9666E-608D-44A8-827B-1D5F944BCD9D}.Debug|Any CPU.ActiveCfg = Debug|Any CPU
		{F4F9666E-608D-44A8-827B-1D5F944BCD9D}.Debug|Any CPU.Build.0 = Debug|Any CPU
		{F4F9666E-608D-44A8-827B-1D5F944BCD9D}.Release|Any CPU.ActiveCfg = Release|Any CPU
		{F4F9666E-608D-44A8-827B-1D5F944BCD9D}.Release|Any CPU.Build.0 = Release|Any CPU
	EndGlobalSection
	GlobalSection(SolutionProperties) = preSolution
		HideSolutionNode = FALSE
	EndGlobalSection
	GlobalSection(ExtensibilityGlobals) = postSolution
		SolutionGuid = {FE833857-D782-4613-BD26-EB7BE14D094A}
	EndGlobalSection
EndGlobal
